
Microsoft Visual Studio Solution File, Format Version 12.00
# Visual Studio Version 17
VisualStudioVersion = 17.9.34723.18
MinimumVisualStudioVersion = 10.0.40219.1
Project("{FAE04EC0-301F-11D3-BF4B-00C04F79EFBC}") = "learn-c#", "learn-c#\learn-c#.csproj", "{C064C954-65FA-408E-B82E-595B65E0BA6B}"
EndProject
Global
	GlobalSection(SolutionConfigurationPlatforms) = preSolution
		Debug|Any CPU = Debug|Any CPU
		Release|Any CPU = Release|Any CPU
	EndGlobalSection
	GlobalSection(ProjectConfigurationPlatforms) = postSolution
		{C064C954-65FA-408E-B82E-595B65E0BA6B}.Debug|Any CPU.ActiveCfg = Debug|Any CPU
		{C064C954-65FA-408E-B82E-595B65E0BA6B}.Debug|Any CPU.Build.0 = Debug|Any CPU
		{C064C954-65FA-408E-B82E-595B65E0BA6B}.Release|Any CPU.ActiveCfg = Release|Any CPU
		{C064C954-65FA-408E-B82E-595B65E0BA6B}.Release|Any CPU.Build.0 = Release|Any CPU
	EndGlobalSection
	GlobalSection(SolutionProperties) = preSolution
		HideSolutionNode = FALSE
	EndGlobalSection
	GlobalSection(ExtensibilityGlobals) = postSolution
		SolutionGuid = {7324E610-F562-423F-9229-8CF5DC1BE44E}
	EndGlobalSection
EndGlobal
